
Microsoft Visual Studio Solution File, Format Version 11.00
# Visual Studio 2010 Express for Windows Phone
Project("{FAE04EC0-301F-11D3-BF4B-00C04F79EFBC}") = "AcornPub", "AcornPub\AcornPub.csproj", "{1EE5ECB3-41C7-4E42-9BEE-5009B378F3ED}"
EndProject
Global
	GlobalSection(SolutionConfigurationPlatforms) = preSolution
		Debug|Any CPU = Debug|Any CPU
		Release|Any CPU = Release|Any CPU
	EndGlobalSection
	GlobalSection(ProjectConfigurationPlatforms) = postSolution
		{1EE5ECB3-41C7-4E42-9BEE-5009B378F3ED}.Debug|Any CPU.ActiveCfg = Debug|Any CPU
		{1EE5ECB3-41C7-4E42-9BEE-5009B378F3ED}.Debug|Any CPU.Build.0 = Debug|Any CPU
		{1EE5ECB3-41C7-4E42-9BEE-5009B378F3ED}.Debug|Any CPU.Deploy.0 = Debug|Any CPU
		{1EE5ECB3-41C7-4E42-9BEE-5009B378F3ED}.Release|Any CPU.ActiveCfg = Release|Any CPU
		{1EE5ECB3-41C7-4E42-9BEE-5009B378F3ED}.Release|Any CPU.Build.0 = Release|Any CPU
		{1EE5ECB3-41C7-4E42-9BEE-5009B378F3ED}.Release|Any CPU.Deploy.0 = Release|Any CPU
	EndGlobalSection
	GlobalSection(SolutionProperties) = preSolution
		HideSolutionNode = FALSE
	EndGlobalSection
EndGlobal
